
Microsoft Visual Studio Solution File, Format Version 12.00
# Visual Studio Version 16
VisualStudioVersion = 16.0.30413.136
MinimumVisualStudioVersion = 10.0.40219.1
Project("{FAE04EC0-301F-11D3-BF4B-00C04F79EFBC}") = "lab9", "lab9.csproj", "{8409852B-9140-48DF-B19F-816AD02011CA}"
EndProject
Global
	GlobalSection(SolutionConfigurationPlatforms) = preSolution
		Debug|Any CPU = Debug|Any CPU
		Release|Any CPU = Release|Any CPU
	EndGlobalSection
	GlobalSection(ProjectConfigurationPlatforms) = postSolution
		{8409852B-9140-48DF-B19F-816AD02011CA}.Debug|Any CPU.ActiveCfg = Debug|Any CPU
		{8409852B-9140-48DF-B19F-816AD02011CA}.Debug|Any CPU.Build.0 = Debug|Any CPU
		{8409852B-9140-48DF-B19F-816AD02011CA}.Release|Any CPU.ActiveCfg = Release|Any CPU
		{8409852B-9140-48DF-B19F-816AD02011CA}.Release|Any CPU.Build.0 = Release|Any CPU
	EndGlobalSection
	GlobalSection(SolutionProperties) = preSolution
		HideSolutionNode = FALSE
	EndGlobalSection
	GlobalSection(ExtensibilityGlobals) = postSolution
		SolutionGuid = {CDA3D814-4BC2-4A92-BB03-9EB78B97C426}
	EndGlobalSection
EndGlobal
